
Microsoft Visual Studio Solution File, Format Version 12.00
# Visual Studio Version 16
VisualStudioVersion = 16.0.31911.196
MinimumVisualStudioVersion = 10.0.40219.1
Project("{FAE04EC0-301F-11D3-BF4B-00C04F79EFBC}") = "Toasted Spammer", "Toasted Spammer.csproj", "{61403D95-0675-461F-8B44-308FEE51BC95}"
EndProject
Global
	GlobalSection(SolutionConfigurationPlatforms) = preSolution
		Debug|Any CPU = Debug|Any CPU
		Release|Any CPU = Release|Any CPU
	EndGlobalSection
	GlobalSection(ProjectConfigurationPlatforms) = postSolution
		{61403D95-0675-461F-8B44-308FEE51BC95}.Debug|Any CPU.ActiveCfg = Debug|Any CPU
		{61403D95-0675-461F-8B44-308FEE51BC95}.Debug|Any CPU.Build.0 = Debug|Any CPU
		{61403D95-0675-461F-8B44-308FEE51BC95}.Release|Any CPU.ActiveCfg = Release|Any CPU
		{61403D95-0675-461F-8B44-308FEE51BC95}.Release|Any CPU.Build.0 = Release|Any CPU
	EndGlobalSection
	GlobalSection(SolutionProperties) = preSolution
		HideSolutionNode = FALSE
	EndGlobalSection
	GlobalSection(ExtensibilityGlobals) = postSolution
		SolutionGuid = {42D818BF-1EB0-43B2-943D-830FDE647F3A}
	EndGlobalSection
EndGlobal
